{
  "nodes": {
    "darwin": {
      "inputs": {
        "nixpkgs": [
          "nixpkgs"
        ]
      },
      "locked": {
        "lastModified": 1705915768,
        "narHash": "sha256-+Jlz8OAqkOwJlioac9wtpsCnjgGYUhvLpgJR/5tP9po=",
        "owner": "lnl7",
        "repo": "nix-darwin",
        "rev": "1e706ef323de76236eb183d7784f3bd57255ec0b",
        "type": "github"
      },
      "original": {
        "owner": "lnl7",
        "repo": "nix-darwin",
        "type": "github"
      }
    },
    "flake-utils": {
      "inputs": {
        "systems": "systems"
      },
      "locked": {
        "lastModified": 1705309234,
        "narHash": "sha256-uNRRNRKmJyCRC/8y1RqBkqWBLM034y4qN7EprSdmgyA=",
        "owner": "numtide",
        "repo": "flake-utils",
        "rev": "1ef2e671c3b0c19053962c07dbda38332dcebf26",
        "type": "github"
      },
      "original": {
        "owner": "numtide",
        "repo": "flake-utils",
        "type": "github"
      }
    },
    "home-manager": {
      "inputs": {
        "nixpkgs": [
          "darwin"
        ]
      },
      "locked": {
        "lastModified": 1706001011,
        "narHash": "sha256-J7Bs9LHdZubgNHZ6+eE/7C18lZ1P6S5/zdJSdXFItI4=",
        "owner": "nix-community",
        "repo": "home-manager",
        "rev": "3df2a80f3f85f91ea06e5e91071fa74ba92e5084",
        "type": "github"
      },
      "original": {
        "owner": "nix-community",
        "repo": "home-manager",
        "type": "github"
      }
    },
    "nixpkgs": {
      "locked": {
        "lastModified": 1705916986,
        "narHash": "sha256-iBpfltu6QvN4xMpen6jGGEb6jOqmmVQKUrXdOJ32u8w=",
        "owner": "NixOs",
        "repo": "nixpkgs",
        "rev": "d7f206b723e42edb09d9d753020a84b3061a79d8",
        "type": "github"
      },
      "original": {
        "owner": "NixOs",
        "ref": "nixos-23.11",
        "repo": "nixpkgs",
        "type": "github"
      }
    },
    "nixpkgs-darwin": {
      "locked": {
        "lastModified": 1705963575,
        "narHash": "sha256-tBXTJ+Be13pGUqXUMFDe2UQRLHlfcZEVYtw8fQS+UPY=",
        "owner": "nixos",
        "repo": "nixpkgs",
        "rev": "7b708ba0aed2f10d712a44dd5d1582234d662b17",
        "type": "github"
      },
      "original": {
        "owner": "nixos",
        "ref": "nixpkgs-23.11-darwin",
        "repo": "nixpkgs",
        "type": "github"
      }
    },
    "root": {
      "inputs": {
        "darwin": "darwin",
        "flake-utils": "flake-utils",
        "home-manager": "home-manager",
        "nixpkgs": "nixpkgs",
        "nixpkgs-darwin": "nixpkgs-darwin"
      }
    },
    "systems": {
      "locked": {
        "lastModified": 1681028828,
        "narHash": "sha256-Vy1rq5AaRuLzOxct8nz4T6wlgyUR7zLU309k9mBC768=",
        "owner": "nix-systems",
        "repo": "default",
        "rev": "da67096a3b9bf56a91d16901293e51ba5b49a27e",
        "type": "github"
      },
      "original": {
        "owner": "nix-systems",
        "repo": "default",
        "type": "github"
      }
    }
  },
  "root": "root",
  "version": 7
}
